<?xml version="1.0" encoding="utf-8"?>
<Project ToolsVersion="4.0" xmlns="http://schemas.microsoft.com/developer/msbuild/2003">
  <ItemGroup>
    <Filter Include="源文件">
      <UniqueIdentifier>{4FC737F1-C7A5-4376-A066-2A32D752A2FF}</UniqueIdentifier>
      <Extensions>cpp;c;cc;cxx;def;odl;idl;hpj;bat;asm;asmx</Extensions>
    </Filter>
    <Filter Include="头文件">
      <UniqueIdentifier>{93995380-89BD-4b04-88EB-625FBE52EBFB}</UniqueIdentifier>
      <Extensions>h;hh;hpp;hxx;hm;inl;inc;xsd</Extensions>
    </Filter>
    <Filter Include="资源文件">
      <UniqueIdentifier>{67DA6AB6-F800-4c08-8B7A-83BB121AAD01}</UniqueIdentifier>
      <Extensions>rc;ico;cur;bmp;dlg;rc2;rct;bin;rgs;gif;jpg;jpeg;jpe;resx;tiff;tif;png;wav;mfcribbon-ms</Extensions>
    </Filter>
    <Filter Include="头文件\json">
      <UniqueIdentifier>{6e28d830-016f-4bc3-b82c-6adf79b60793}</UniqueIdentifier>
    </Filter>
    <Filter Include="源文件\jsoncpp">
      <UniqueIdentifier>{aef1aa7c-15f2-46e3-9b49-72b3276217e1}</UniqueIdentifier>
    </Filter>
    <Filter Include="头文件\sophos">
      <UniqueIdentifier>{15567006-f4f8-4fe0-8e0c-678f38d39180}</UniqueIdentifier>
    </Filter>
    <Filter Include="源文件\sophos">
      <UniqueIdentifier>{1f4feec8-ee1a-4812-be51-5c7f0ba10316}</UniqueIdentifier>
    </Filter>
    <Filter Include="头文件\libcurl">
      <UniqueIdentifier>{c519b6ab-2fcf-4115-a1e1-684d05a97e6b}</UniqueIdentifier>
    </Filter>
    <Filter Include="头文件\vthttp">
      <UniqueIdentifier>{c756ccac-1023-4806-9005-7c942f408f5d}</UniqueIdentifier>
    </Filter>
    <Filter Include="源文件\vthttp">
      <UniqueIdentifier>{428ccd5a-8e7f-400e-84b6-4dcc992e6aa3}</UniqueIdentifier>
    </Filter>
    <Filter Include="头文件\virustotal">
      <UniqueIdentifier>{ca63f0d4-e2bc-405f-976a-e836046f777f}</UniqueIdentifier>
    </Filter>
    <Filter Include="源文件\virustotal">
      <UniqueIdentifier>{6758d161-393d-4c2c-be81-705e8166d1eb}</UniqueIdentifier>
    </Filter>
  </ItemGroup>
  <ItemGroup>
    <ClCompile Include="Main.cpp">
      <Filter>源文件</Filter>
    </ClCompile>
    <ClCompile Include="include\json_reader.cpp">
      <Filter>源文件\jsoncpp</Filter>
    </ClCompile>
    <ClCompile Include="include\json_value.cpp">
      <Filter>源文件\jsoncpp</Filter>
    </ClCompile>
    <ClCompile Include="include\json_writer.cpp">
      <Filter>源文件\jsoncpp</Filter>
    </ClCompile>
    <ClCompile Include="sophos\sophosinfo.cpp">
      <Filter>源文件\sophos</Filter>
    </ClCompile>
    <ClCompile Include="sophos\sophosparse.cpp">
      <Filter>源文件\sophos</Filter>
    </ClCompile>
    <ClCompile Include="vthttp\vtapi.cpp">
      <Filter>源文件\vthttp</Filter>
    </ClCompile>
    <ClCompile Include="virustotal\vtinfo.cpp">
      <Filter>源文件\virustotal</Filter>
    </ClCompile>
    <ClCompile Include="virustotal\scaninfo.cpp">
      <Filter>源文件</Filter>
    </ClCompile>
    <ClCompile Include="virustotal\vtparse.cpp">
      <Filter>源文件</Filter>
    </ClCompile>
  </ItemGroup>
  <ItemGroup>
    <ClInclude Include="resource.h">
      <Filter>头文件</Filter>
    </ClInclude>
    <ClInclude Include="FileFunction.h">
      <Filter>头文件</Filter>
    </ClInclude>
    <ClInclude Include="include\json\autolink.h">
      <Filter>头文件\json</Filter>
    </ClInclude>
    <ClInclude Include="include\json\config.h">
      <Filter>头文件\json</Filter>
    </ClInclude>
    <ClInclude Include="include\json\features.h">
      <Filter>头文件\json</Filter>
    </ClInclude>
    <ClInclude Include="include\json\forwards.h">
      <Filter>头文件\json</Filter>
    </ClInclude>
    <ClInclude Include="include\json\json.h">
      <Filter>头文件\json</Filter>
    </ClInclude>
    <ClInclude Include="include\json\reader.h">
      <Filter>头文件\json</Filter>
    </ClInclude>
    <ClInclude Include="include\json\value.h">
      <Filter>头文件\json</Filter>
    </ClInclude>
    <ClInclude Include="include\json\writer.h">
      <Filter>头文件\json</Filter>
    </ClInclude>
    <ClInclude Include="include\curl\curl.h">
      <Filter>头文件\libcurl</Filter>
    </ClInclude>
    <ClInclude Include="include\curl\curlbuild.h">
      <Filter>头文件\libcurl</Filter>
    </ClInclude>
    <ClInclude Include="include\curl\curlrules.h">
      <Filter>头文件\libcurl</Filter>
    </ClInclude>
    <ClInclude Include="include\curl\curlver.h">
      <Filter>头文件\libcurl</Filter>
    </ClInclude>
    <ClInclude Include="include\curl\easy.h">
      <Filter>头文件\libcurl</Filter>
    </ClInclude>
    <ClInclude Include="include\curl\mprintf.h">
      <Filter>头文件\libcurl</Filter>
    </ClInclude>
    <ClInclude Include="include\curl\multi.h">
      <Filter>头文件\libcurl</Filter>
    </ClInclude>
    <ClInclude Include="include\curl\stdcheaders.h">
      <Filter>头文件\libcurl</Filter>
    </ClInclude>
    <ClInclude Include="include\curl\system.h">
      <Filter>头文件\libcurl</Filter>
    </ClInclude>
    <ClInclude Include="include\curl\typecheck-gcc.h">
      <Filter>头文件\libcurl</Filter>
    </ClInclude>
    <ClInclude Include="sophos\sophosinfo.h">
      <Filter>头文件\sophos</Filter>
    </ClInclude>
    <ClInclude Include="sophos\sophosparse.h">
      <Filter>头文件\sophos</Filter>
    </ClInclude>
    <ClInclude Include="vthttp\vtapi.h">
      <Filter>头文件\vthttp</Filter>
    </ClInclude>
    <ClInclude Include="virustotal\vtinfo.h">
      <Filter>头文件\virustotal</Filter>
    </ClInclude>
    <ClInclude Include="virustotal\scaninfo.h">
      <Filter>头文件\virustotal</Filter>
    </ClInclude>
    <ClInclude Include="virustotal\vtparse.h">
      <Filter>头文件\virustotal</Filter>
    </ClInclude>
  </ItemGroup>
  <ItemGroup>
    <ResourceCompile Include="Tool.rc">
      <Filter>资源文件</Filter>
    </ResourceCompile>
  </ItemGroup>
</Project>